<?xml version="1.0" encoding="utf-8"?>
<Project ToolsVersion="17.0" xmlns="http://schemas.microsoft.com/developer/msbuild/2003">
  <ItemGroup>
    <CustomBuild Include="D:\LearnSomething\LearnCmake\lab2\build_shared\CMakeFiles\7dcd598cc3ca7c58cee37f02a0ed0e23\INSTALL_force.rule">
      <Filter>CMake Rules</Filter>
    </CustomBuild>
  </ItemGroup>
  <ItemGroup>
    <Filter Include="CMake Rules">
      <UniqueIdentifier>{0293B80A-D593-3B2A-981A-D734200AB8D8}</UniqueIdentifier>
    </Filter>
  </ItemGroup>
</Project>
